{
  "name": "finger-detect",
  "version": "1.0.0",
  "lockfileVersion": 3,
  "requires": true,
  "packages": {
    "": {
      "name": "finger-detect",
      "version": "1.0.0",
      "hasInstallScript": true,
      "license": "ISC",
      "dependencies": {
        "mp-html": "^2.5.1",
        "tdesign-miniprogram": "^1.9.7"
      }
    },
    "node_modules/mp-html": {
      "version": "2.5.1",
      "resolved": "https://registry.npmmirror.com/mp-html/-/mp-html-2.5.1.tgz",
      "integrity": "sha512-7BEH8dnQ89kOIyjdoYni8zcc0QAg+lgEWg0n9or9q2D4l26JNG+KPzHfttDyisC/5S7aPBblpXrFTYQv475w/Q==",
      "license": "MIT"
    },
    "node_modules/tdesign-miniprogram": {
      "version": "1.9.7",
      "resolved": "https://registry.npmmirror.com/tdesign-miniprogram/-/tdesign-miniprogram-1.9.7.tgz",
      "integrity": "sha512-GB92E09U+AltURrpYRM67SPWVcYZ9rgdYChGcgMLJ8VHUIesSwAhevCuSZgxHt+V1F0iPn0EVZ56d+fgeU6dAw==",
      "license": "MIT"
    }
  }
}
