{
  "name": "finger-detect",
  "version": "1.0.0",
  "lockfileVersion": 3,
  "requires": true,
  "packages": {
    "": {
      "name": "finger-detect",
      "version": "1.0.0",
      "license": "ISC",
      "dependencies": {
        "tdesign-miniprogram": "^1.9.7"
      }
    },
    "node_modules/tdesign-miniprogram": {
      "version": "1.9.7",
      "resolved": "https://registry.npmmirror.com/tdesign-miniprogram/-/tdesign-miniprogram-1.9.7.tgz",
      "integrity": "sha512-GB92E09U+AltURrpYRM67SPWVcYZ9rgdYChGcgMLJ8VHUIesSwAhevCuSZgxHt+V1F0iPn0EVZ56d+fgeU6dAw==",
      "license": "MIT"
    }
  }
}
